
Microsoft Visual Studio Solution File, Format Version 12.00
# Visual Studio Version 17
VisualStudioVersion = 17.5.002.0
MinimumVisualStudioVersion = 10.0.40219.1
Project("{9A19103F-16F7-4668-BE54-9A1E7A4F7556}") = "WebTerminal", "WebTerminal.csproj", "{722B11AC-CF6C-4673-AC98-CE3A2F694980}"
EndProject
Global
	GlobalSection(SolutionConfigurationPlatforms) = preSolution
		Debug|Any CPU = Debug|Any CPU
		Release|Any CPU = Release|Any CPU
	EndGlobalSection
	GlobalSection(ProjectConfigurationPlatforms) = postSolution
		{722B11AC-CF6C-4673-AC98-CE3A2F694980}.Debug|Any CPU.ActiveCfg = Debug|Any CPU
		{722B11AC-CF6C-4673-AC98-CE3A2F694980}.Debug|Any CPU.Build.0 = Debug|Any CPU
		{722B11AC-CF6C-4673-AC98-CE3A2F694980}.Release|Any CPU.ActiveCfg = Release|Any CPU
		{722B11AC-CF6C-4673-AC98-CE3A2F694980}.Release|Any CPU.Build.0 = Release|Any CPU
	EndGlobalSection
	GlobalSection(SolutionProperties) = preSolution
		HideSolutionNode = FALSE
	EndGlobalSection
	GlobalSection(ExtensibilityGlobals) = postSolution
		SolutionGuid = {FD08341D-CC25-4074-83B8-53E407CAF519}
	EndGlobalSection
EndGlobal
